
Microsoft Visual Studio Solution File, Format Version 12.00
# Visual Studio Version 17
VisualStudioVersion = 17.2.32602.215
MinimumVisualStudioVersion = 10.0.40219.1
Project("{FAE04EC0-301F-11D3-BF4B-00C04F79EFBC}") = "DistenceTraveled", "DistenceTraveled\DistenceTraveled.csproj", "{F384FD38-388F-4BA9-8458-C39E07786490}"
EndProject
Global
	GlobalSection(SolutionConfigurationPlatforms) = preSolution
		Debug|Any CPU = Debug|Any CPU
		Release|Any CPU = Release|Any CPU
	EndGlobalSection
	GlobalSection(ProjectConfigurationPlatforms) = postSolution
		{F384FD38-388F-4BA9-8458-C39E07786490}.Debug|Any CPU.ActiveCfg = Debug|Any CPU
		{F384FD38-388F-4BA9-8458-C39E07786490}.Debug|Any CPU.Build.0 = Debug|Any CPU
		{F384FD38-388F-4BA9-8458-C39E07786490}.Release|Any CPU.ActiveCfg = Release|Any CPU
		{F384FD38-388F-4BA9-8458-C39E07786490}.Release|Any CPU.Build.0 = Release|Any CPU
	EndGlobalSection
	GlobalSection(SolutionProperties) = preSolution
		HideSolutionNode = FALSE
	EndGlobalSection
	GlobalSection(ExtensibilityGlobals) = postSolution
		SolutionGuid = {061FE3F1-D567-4EA3-A445-4DD2DD3D5C9F}
	EndGlobalSection
EndGlobal
